schema: '2.0'
stages:
  prepare:
    cmd: python -m src.data.preprocessing
    deps:
    - path: src/data/preprocessing.py
      hash: md5
      md5: efcb379f6b69b42ad54079816248ed47
      size: 8299
    params:
      params.yaml:
        prepare:
          input_file: assets/Telecom_Customers_Churn_Dataset.csv
          output_dir: data/processed
          test_size: 0.2
          random_state: 42
          use_smoteenn: false
          drop_columns:
          - customerID
          - PhoneService
          - gender
          - StreamingTV
          - StreamingMovies
          - MultipleLines
          target_column: Churn
    outs:
    - path: data/processed/with_smoteenn/X_test.csv
      hash: md5
      md5: a075b29eae0ca21c5383407f0f5b218b
      size: 115665
    - path: data/processed/with_smoteenn/X_train.csv
      hash: md5
      md5: f7fea813c6c12cb0771b569ca8705bc1
      size: 384131
    - path: data/processed/with_smoteenn/y_test.csv
      hash: md5
      md5: e958151f165f7f472b725188c9e97a20
      size: 4234
    - path: data/processed/with_smoteenn/y_train.csv
      hash: md5
      md5: ad6a1f3af6d01f9c8a90d19bd2879650
      size: 14032
    - path: data/processed/without_smoteenn/X_test.csv
      hash: md5
      md5: 6b539011b76de433c62fcb7cd2cf9103
      size: 115076
    - path: data/processed/without_smoteenn/X_train.csv
      hash: md5
      md5: 77865c883acd73d30dd7ad7118f9e1bb
      size: 460252
    - path: data/processed/without_smoteenn/y_test.csv
      hash: md5
      md5: e958151f165f7f472b725188c9e97a20
      size: 4234
    - path: data/processed/without_smoteenn/y_train.csv
      hash: md5
      md5: f597c5156799e0428077438ebc926949
      size: 16909
    - path: models/with_smoteenn/label_encoders.pkl
      hash: md5
      md5: abb72adc74654f974d727e64164a0de2
      size: 93868
    - path: models/with_smoteenn/scaler.pkl
      hash: md5
      md5: 6ff93022572c6de1914249d755bf9c19
      size: 570
    - path: models/without_smoteenn/label_encoders.pkl
      hash: md5
      md5: abb72adc74654f974d727e64164a0de2
      size: 93868
    - path: models/without_smoteenn/scaler.pkl
      hash: md5
      md5: 461c6a1273350365502d679ec416f63e
      size: 570
